
Microsoft Visual Studio Solution File, Format Version 12.00
# Visual Studio 14
VisualStudioVersion = 14.0.25420.1
MinimumVisualStudioVersion = 10.0.40219.1
Project("{FAE04EC0-301F-11D3-BF4B-00C04F79EFBC}") = "Epicor10 Plugin", "Plugins\Epicor10\Epicor10 Plugin.csproj", "{F571322C-133E-4937-8869-C617F5785A41}"
EndProject
Project("{FAE04EC0-301F-11D3-BF4B-00C04F79EFBC}") = "CrystalReports Plugin", "Plugins\CrystalReports\CrystalReports Plugin.csproj", "{7F01E12F-F4E5-4305-B170-356C31691A2B}"
EndProject
Project("{FAE04EC0-301F-11D3-BF4B-00C04F79EFBC}") = "Dummy Plugin", "Plugins\Dummy\Dummy Plugin.csproj", "{040C1BE3-C2E6-4C13-B7AC-C5891C9A1A09}"
EndProject
Project("{FAE04EC0-301F-11D3-BF4B-00C04F79EFBC}") = "Epicor905 Plugin", "Plugins\Epicor905\Epicor905 Plugin.csproj", "{25DF122A-AE4D-47CE-AB0B-E639C3A3B252}"
EndProject
Project("{FAE04EC0-301F-11D3-BF4B-00C04F79EFBC}") = "FileSystem Plugin", "Plugins\FileSystem\FileSystem Plugin.csproj", "{5A668CBB-56D3-4797-9FE1-6F168078399B}"
EndProject
Project("{FAE04EC0-301F-11D3-BF4B-00C04F79EFBC}") = "ODBC Plugin", "Plugins\ODBC\ODBC Plugin.csproj", "{05A1D5AA-9EB0-457D-8277-82C4D17FE7CE}"
EndProject
Project("{FAE04EC0-301F-11D3-BF4B-00C04F79EFBC}") = "RSS Plugin", "Plugins\RSS\RSS Plugin.csproj", "{907E1AD7-495F-4641-9600-F99143EFF585}"
EndProject
Project("{FAE04EC0-301F-11D3-BF4B-00C04F79EFBC}") = "Salesforce Plugin", "Plugins\Salesforce\Salesforce Plugin.csproj", "{EAE87175-9ED8-4942-BE4C-527AE0AC496F}"
EndProject
Project("{FAE04EC0-301F-11D3-BF4B-00C04F79EFBC}") = "SQLServer Plugin", "Plugins\SQLServer\SQLServer Plugin.csproj", "{9DD31899-AA64-42BD-B5FF-822B3F836640}"
EndProject
Project("{FAE04EC0-301F-11D3-BF4B-00C04F79EFBC}") = "Visual70 Plugin", "Plugins\Visual70\Visual70 Plugin.csproj", "{E8F0FDD8-BA39-4338-ABA8-20FC0D931668}"
EndProject
Project("{FAE04EC0-301F-11D3-BF4B-00C04F79EFBC}") = "Bezlio Plugin Common", "Bezlio Plugin Common\Bezlio Plugin Common.csproj", "{89966888-91FD-40F9-824C-F8B87B0207FD}"
EndProject
Project("{FAE04EC0-301F-11D3-BF4B-00C04F79EFBC}") = "Visual 8 Plugin", "Plugins\Visual 8\Visual 8 Plugin.csproj", "{EC30CF31-0454-404B-BE0E-DF5A6F1B5B10}"
EndProject
Project("{FAE04EC0-301F-11D3-BF4B-00C04F79EFBC}") = "SMTP Plugin", "Plugins\SMTP Plugin\SMTP Plugin.csproj", "{81AA079B-600C-44F1-B0DC-C45A1248BFD2}"
EndProject
Project("{FAE04EC0-301F-11D3-BF4B-00C04F79EFBC}") = "Excel Plugin", "Plugins\Excel Plugin\Excel Plugin.csproj", "{FBD42087-74E7-455A-AC3F-28253275F2E4}"
EndProject
Project("{FAE04EC0-301F-11D3-BF4B-00C04F79EFBC}") = "AccordFramework Plugin", "Plugins\AccordFramework Plugin\AccordFramework Plugin.csproj", "{F3B14128-D9B9-48FE-BE4E-ED2FF115FCBC}"
EndProject
Project("{FAE04EC0-301F-11D3-BF4B-00C04F79EFBC}") = "REST Plugin", "Plugins\REST Plugin\REST Plugin.csproj", "{CAD3196C-749D-44E7-A42C-62960AF179C7}"
EndProject
Project("{FAE04EC0-301F-11D3-BF4B-00C04F79EFBC}") = "Office_365", "Plugins\Office_365\Office_365.csproj", "{C378D230-2DDC-407D-B26A-CB65E78C79E3}"
EndProject
Project("{FAE04EC0-301F-11D3-BF4B-00C04F79EFBC}") = "DynamicsCRM", "Plugins\DynamicsCRM\DynamicsCRM.csproj", "{E53BE69F-C7F6-4E49-9DBD-E0E883DF8B15}"
EndProject
Global
	GlobalSection(SolutionConfigurationPlatforms) = preSolution
		Debug|Any CPU = Debug|Any CPU
		Debug|x86 = Debug|x86
		Release|Any CPU = Release|Any CPU
		Release|x86 = Release|x86
	EndGlobalSection
	GlobalSection(ProjectConfigurationPlatforms) = postSolution
		{F571322C-133E-4937-8869-C617F5785A41}.Debug|Any CPU.ActiveCfg = Debug|Any CPU
		{F571322C-133E-4937-8869-C617F5785A41}.Debug|Any CPU.Build.0 = Debug|Any CPU
		{F571322C-133E-4937-8869-C617F5785A41}.Debug|x86.ActiveCfg = Debug|x86
		{F571322C-133E-4937-8869-C617F5785A41}.Debug|x86.Build.0 = Debug|x86
		{F571322C-133E-4937-8869-C617F5785A41}.Release|Any CPU.ActiveCfg = Release|Any CPU
		{F571322C-133E-4937-8869-C617F5785A41}.Release|Any CPU.Build.0 = Release|Any CPU
		{F571322C-133E-4937-8869-C617F5785A41}.Release|x86.ActiveCfg = Release|x86
		{F571322C-133E-4937-8869-C617F5785A41}.Release|x86.Build.0 = Release|x86
		{7F01E12F-F4E5-4305-B170-356C31691A2B}.Debug|Any CPU.ActiveCfg = Debug|Any CPU
		{7F01E12F-F4E5-4305-B170-356C31691A2B}.Debug|Any CPU.Build.0 = Debug|Any CPU
		{7F01E12F-F4E5-4305-B170-356C31691A2B}.Debug|x86.ActiveCfg = Debug|x86
		{7F01E12F-F4E5-4305-B170-356C31691A2B}.Debug|x86.Build.0 = Debug|x86
		{7F01E12F-F4E5-4305-B170-356C31691A2B}.Release|Any CPU.ActiveCfg = Release|Any CPU
		{7F01E12F-F4E5-4305-B170-356C31691A2B}.Release|Any CPU.Build.0 = Release|Any CPU
		{7F01E12F-F4E5-4305-B170-356C31691A2B}.Release|x86.ActiveCfg = Release|x86
		{7F01E12F-F4E5-4305-B170-356C31691A2B}.Release|x86.Build.0 = Release|x86
		{040C1BE3-C2E6-4C13-B7AC-C5891C9A1A09}.Debug|Any CPU.ActiveCfg = Debug|Any CPU
		{040C1BE3-C2E6-4C13-B7AC-C5891C9A1A09}.Debug|Any CPU.Build.0 = Debug|Any CPU
		{040C1BE3-C2E6-4C13-B7AC-C5891C9A1A09}.Debug|x86.ActiveCfg = Debug|x86
		{040C1BE3-C2E6-4C13-B7AC-C5891C9A1A09}.Debug|x86.Build.0 = Debug|x86
		{040C1BE3-C2E6-4C13-B7AC-C5891C9A1A09}.Release|Any CPU.ActiveCfg = Release|Any CPU
		{040C1BE3-C2E6-4C13-B7AC-C5891C9A1A09}.Release|Any CPU.Build.0 = Release|Any CPU
		{040C1BE3-C2E6-4C13-B7AC-C5891C9A1A09}.Release|x86.ActiveCfg = Release|x86
		{040C1BE3-C2E6-4C13-B7AC-C5891C9A1A09}.Release|x86.Build.0 = Release|x86
		{25DF122A-AE4D-47CE-AB0B-E639C3A3B252}.Debug|Any CPU.ActiveCfg = Debug|Any CPU
		{25DF122A-AE4D-47CE-AB0B-E639C3A3B252}.Debug|Any CPU.Build.0 = Debug|Any CPU
		{25DF122A-AE4D-47CE-AB0B-E639C3A3B252}.Debug|x86.ActiveCfg = Debug|x86
		{25DF122A-AE4D-47CE-AB0B-E639C3A3B252}.Debug|x86.Build.0 = Debug|x86
		{25DF122A-AE4D-47CE-AB0B-E639C3A3B252}.Release|Any CPU.ActiveCfg = Release|Any CPU
		{25DF122A-AE4D-47CE-AB0B-E639C3A3B252}.Release|Any CPU.Build.0 = Release|Any CPU
		{25DF122A-AE4D-47CE-AB0B-E639C3A3B252}.Release|x86.ActiveCfg = Release|x86
		{25DF122A-AE4D-47CE-AB0B-E639C3A3B252}.Release|x86.Build.0 = Release|x86
		{5A668CBB-56D3-4797-9FE1-6F168078399B}.Debug|Any CPU.ActiveCfg = Debug|Any CPU
		{5A668CBB-56D3-4797-9FE1-6F168078399B}.Debug|Any CPU.Build.0 = Debug|Any CPU
		{5A668CBB-56D3-4797-9FE1-6F168078399B}.Debug|x86.ActiveCfg = Debug|x86
		{5A668CBB-56D3-4797-9FE1-6F168078399B}.Debug|x86.Build.0 = Debug|x86
		{5A668CBB-56D3-4797-9FE1-6F168078399B}.Release|Any CPU.ActiveCfg = Release|Any CPU
		{5A668CBB-56D3-4797-9FE1-6F168078399B}.Release|Any CPU.Build.0 = Release|Any CPU
		{5A668CBB-56D3-4797-9FE1-6F168078399B}.Release|x86.ActiveCfg = Release|x86
		{5A668CBB-56D3-4797-9FE1-6F168078399B}.Release|x86.Build.0 = Release|x86
		{05A1D5AA-9EB0-457D-8277-82C4D17FE7CE}.Debug|Any CPU.ActiveCfg = Debug|Any CPU
		{05A1D5AA-9EB0-457D-8277-82C4D17FE7CE}.Debug|Any CPU.Build.0 = Debug|Any CPU
		{05A1D5AA-9EB0-457D-8277-82C4D17FE7CE}.Debug|x86.ActiveCfg = Debug|x86
		{05A1D5AA-9EB0-457D-8277-82C4D17FE7CE}.Debug|x86.Build.0 = Debug|x86
		{05A1D5AA-9EB0-457D-8277-82C4D17FE7CE}.Release|Any CPU.ActiveCfg = Release|Any CPU
		{05A1D5AA-9EB0-457D-8277-82C4D17FE7CE}.Release|Any CPU.Build.0 = Release|Any CPU
		{05A1D5AA-9EB0-457D-8277-82C4D17FE7CE}.Release|x86.ActiveCfg = Release|x86
		{05A1D5AA-9EB0-457D-8277-82C4D17FE7CE}.Release|x86.Build.0 = Release|x86
		{907E1AD7-495F-4641-9600-F99143EFF585}.Debug|Any CPU.ActiveCfg = Debug|Any CPU
		{907E1AD7-495F-4641-9600-F99143EFF585}.Debug|Any CPU.Build.0 = Debug|Any CPU
		{907E1AD7-495F-4641-9600-F99143EFF585}.Debug|x86.ActiveCfg = Debug|x86
		{907E1AD7-495F-4641-9600-F99143EFF585}.Debug|x86.Build.0 = Debug|x86
		{907E1AD7-495F-4641-9600-F99143EFF585}.Release|Any CPU.ActiveCfg = Release|Any CPU
		{907E1AD7-495F-4641-9600-F99143EFF585}.Release|Any CPU.Build.0 = Release|Any CPU
		{907E1AD7-495F-4641-9600-F99143EFF585}.Release|x86.ActiveCfg = Release|x86
		{907E1AD7-495F-4641-9600-F99143EFF585}.Release|x86.Build.0 = Release|x86
		{EAE87175-9ED8-4942-BE4C-527AE0AC496F}.Debug|Any CPU.ActiveCfg = Debug|Any CPU
		{EAE87175-9ED8-4942-BE4C-527AE0AC496F}.Debug|Any CPU.Build.0 = Debug|Any CPU
		{EAE87175-9ED8-4942-BE4C-527AE0AC496F}.Debug|x86.ActiveCfg = Debug|x86
		{EAE87175-9ED8-4942-BE4C-527AE0AC496F}.Debug|x86.Build.0 = Debug|x86
		{EAE87175-9ED8-4942-BE4C-527AE0AC496F}.Release|Any CPU.ActiveCfg = Release|Any CPU
		{EAE87175-9ED8-4942-BE4C-527AE0AC496F}.Release|Any CPU.Build.0 = Release|Any CPU
		{EAE87175-9ED8-4942-BE4C-527AE0AC496F}.Release|x86.ActiveCfg = Release|x86
		{EAE87175-9ED8-4942-BE4C-527AE0AC496F}.Release|x86.Build.0 = Release|x86
		{9DD31899-AA64-42BD-B5FF-822B3F836640}.Debug|Any CPU.ActiveCfg = Debug|Any CPU
		{9DD31899-AA64-42BD-B5FF-822B3F836640}.Debug|Any CPU.Build.0 = Debug|Any CPU
		{9DD31899-AA64-42BD-B5FF-822B3F836640}.Debug|x86.ActiveCfg = Debug|x86
		{9DD31899-AA64-42BD-B5FF-822B3F836640}.Debug|x86.Build.0 = Debug|x86
		{9DD31899-AA64-42BD-B5FF-822B3F836640}.Release|Any CPU.ActiveCfg = Release|Any CPU
		{9DD31899-AA64-42BD-B5FF-822B3F836640}.Release|Any CPU.Build.0 = Release|Any CPU
		{9DD31899-AA64-42BD-B5FF-822B3F836640}.Release|x86.ActiveCfg = Release|x86
		{9DD31899-AA64-42BD-B5FF-822B3F836640}.Release|x86.Build.0 = Release|x86
		{E8F0FDD8-BA39-4338-ABA8-20FC0D931668}.Debug|Any CPU.ActiveCfg = Debug|Any CPU
		{E8F0FDD8-BA39-4338-ABA8-20FC0D931668}.Debug|Any CPU.Build.0 = Debug|Any CPU
		{E8F0FDD8-BA39-4338-ABA8-20FC0D931668}.Debug|x86.ActiveCfg = Debug|x86
		{E8F0FDD8-BA39-4338-ABA8-20FC0D931668}.Debug|x86.Build.0 = Debug|x86
		{E8F0FDD8-BA39-4338-ABA8-20FC0D931668}.Release|Any CPU.ActiveCfg = Release|Any CPU
		{E8F0FDD8-BA39-4338-ABA8-20FC0D931668}.Release|Any CPU.Build.0 = Release|Any CPU
		{E8F0FDD8-BA39-4338-ABA8-20FC0D931668}.Release|x86.ActiveCfg = Debug|x86
		{89966888-91FD-40F9-824C-F8B87B0207FD}.Debug|Any CPU.ActiveCfg = Debug|Any CPU
		{89966888-91FD-40F9-824C-F8B87B0207FD}.Debug|Any CPU.Build.0 = Debug|Any CPU
		{89966888-91FD-40F9-824C-F8B87B0207FD}.Debug|x86.ActiveCfg = Debug|x86
		{89966888-91FD-40F9-824C-F8B87B0207FD}.Debug|x86.Build.0 = Debug|x86
		{89966888-91FD-40F9-824C-F8B87B0207FD}.Release|Any CPU.ActiveCfg = Release|Any CPU
		{89966888-91FD-40F9-824C-F8B87B0207FD}.Release|Any CPU.Build.0 = Release|Any CPU
		{89966888-91FD-40F9-824C-F8B87B0207FD}.Release|x86.ActiveCfg = Release|x86
		{89966888-91FD-40F9-824C-F8B87B0207FD}.Release|x86.Build.0 = Release|x86
		{EC30CF31-0454-404B-BE0E-DF5A6F1B5B10}.Debug|Any CPU.ActiveCfg = Debug|Any CPU
		{EC30CF31-0454-404B-BE0E-DF5A6F1B5B10}.Debug|Any CPU.Build.0 = Debug|Any CPU
		{EC30CF31-0454-404B-BE0E-DF5A6F1B5B10}.Debug|x86.ActiveCfg = Debug|x86
		{EC30CF31-0454-404B-BE0E-DF5A6F1B5B10}.Debug|x86.Build.0 = Debug|x86
		{EC30CF31-0454-404B-BE0E-DF5A6F1B5B10}.Release|Any CPU.ActiveCfg = Release|Any CPU
		{EC30CF31-0454-404B-BE0E-DF5A6F1B5B10}.Release|Any CPU.Build.0 = Release|Any CPU
		{EC30CF31-0454-404B-BE0E-DF5A6F1B5B10}.Release|x86.ActiveCfg = Release|Any CPU
		{EC30CF31-0454-404B-BE0E-DF5A6F1B5B10}.Release|x86.Build.0 = Release|Any CPU
		{81AA079B-600C-44F1-B0DC-C45A1248BFD2}.Debug|Any CPU.ActiveCfg = Debug|Any CPU
		{81AA079B-600C-44F1-B0DC-C45A1248BFD2}.Debug|Any CPU.Build.0 = Debug|Any CPU
		{81AA079B-600C-44F1-B0DC-C45A1248BFD2}.Debug|x86.ActiveCfg = Debug|x86
		{81AA079B-600C-44F1-B0DC-C45A1248BFD2}.Debug|x86.Build.0 = Debug|x86
		{81AA079B-600C-44F1-B0DC-C45A1248BFD2}.Release|Any CPU.ActiveCfg = Release|Any CPU
		{81AA079B-600C-44F1-B0DC-C45A1248BFD2}.Release|Any CPU.Build.0 = Release|Any CPU
		{81AA079B-600C-44F1-B0DC-C45A1248BFD2}.Release|x86.ActiveCfg = Release|Any CPU
		{81AA079B-600C-44F1-B0DC-C45A1248BFD2}.Release|x86.Build.0 = Release|Any CPU
		{FBD42087-74E7-455A-AC3F-28253275F2E4}.Debug|Any CPU.ActiveCfg = Debug|Any CPU
		{FBD42087-74E7-455A-AC3F-28253275F2E4}.Debug|Any CPU.Build.0 = Debug|Any CPU
		{FBD42087-74E7-455A-AC3F-28253275F2E4}.Debug|x86.ActiveCfg = Debug|x86
		{FBD42087-74E7-455A-AC3F-28253275F2E4}.Debug|x86.Build.0 = Debug|x86
		{FBD42087-74E7-455A-AC3F-28253275F2E4}.Release|Any CPU.ActiveCfg = Release|Any CPU
		{FBD42087-74E7-455A-AC3F-28253275F2E4}.Release|Any CPU.Build.0 = Release|Any CPU
		{FBD42087-74E7-455A-AC3F-28253275F2E4}.Release|x86.ActiveCfg = Release|Any CPU
		{FBD42087-74E7-455A-AC3F-28253275F2E4}.Release|x86.Build.0 = Release|Any CPU
		{F3B14128-D9B9-48FE-BE4E-ED2FF115FCBC}.Debug|Any CPU.ActiveCfg = Debug|Any CPU
		{F3B14128-D9B9-48FE-BE4E-ED2FF115FCBC}.Debug|Any CPU.Build.0 = Debug|Any CPU
		{F3B14128-D9B9-48FE-BE4E-ED2FF115FCBC}.Debug|x86.ActiveCfg = Debug|x86
		{F3B14128-D9B9-48FE-BE4E-ED2FF115FCBC}.Debug|x86.Build.0 = Debug|x86
		{F3B14128-D9B9-48FE-BE4E-ED2FF115FCBC}.Release|Any CPU.ActiveCfg = Release|Any CPU
		{F3B14128-D9B9-48FE-BE4E-ED2FF115FCBC}.Release|Any CPU.Build.0 = Release|Any CPU
		{F3B14128-D9B9-48FE-BE4E-ED2FF115FCBC}.Release|x86.ActiveCfg = Release|Any CPU
		{F3B14128-D9B9-48FE-BE4E-ED2FF115FCBC}.Release|x86.Build.0 = Release|Any CPU
		{CAD3196C-749D-44E7-A42C-62960AF179C7}.Debug|Any CPU.ActiveCfg = Debug|Any CPU
		{CAD3196C-749D-44E7-A42C-62960AF179C7}.Debug|Any CPU.Build.0 = Debug|Any CPU
		{CAD3196C-749D-44E7-A42C-62960AF179C7}.Debug|x86.ActiveCfg = Debug|x86
		{CAD3196C-749D-44E7-A42C-62960AF179C7}.Debug|x86.Build.0 = Debug|x86
		{CAD3196C-749D-44E7-A42C-62960AF179C7}.Release|Any CPU.ActiveCfg = Release|Any CPU
		{CAD3196C-749D-44E7-A42C-62960AF179C7}.Release|Any CPU.Build.0 = Release|Any CPU
		{CAD3196C-749D-44E7-A42C-62960AF179C7}.Release|x86.ActiveCfg = Release|Any CPU
		{CAD3196C-749D-44E7-A42C-62960AF179C7}.Release|x86.Build.0 = Release|Any CPU
		{C378D230-2DDC-407D-B26A-CB65E78C79E3}.Debug|Any CPU.ActiveCfg = Debug|Any CPU
		{C378D230-2DDC-407D-B26A-CB65E78C79E3}.Debug|Any CPU.Build.0 = Debug|Any CPU
		{C378D230-2DDC-407D-B26A-CB65E78C79E3}.Debug|x86.ActiveCfg = Debug|x86
		{C378D230-2DDC-407D-B26A-CB65E78C79E3}.Debug|x86.Build.0 = Debug|x86
		{C378D230-2DDC-407D-B26A-CB65E78C79E3}.Release|Any CPU.ActiveCfg = Release|Any CPU
		{C378D230-2DDC-407D-B26A-CB65E78C79E3}.Release|Any CPU.Build.0 = Release|Any CPU
		{C378D230-2DDC-407D-B26A-CB65E78C79E3}.Release|x86.ActiveCfg = Release|x86
		{C378D230-2DDC-407D-B26A-CB65E78C79E3}.Release|x86.Build.0 = Release|x86
		{E53BE69F-C7F6-4E49-9DBD-E0E883DF8B15}.Debug|Any CPU.ActiveCfg = Debug|Any CPU
		{E53BE69F-C7F6-4E49-9DBD-E0E883DF8B15}.Debug|Any CPU.Build.0 = Debug|Any CPU
		{E53BE69F-C7F6-4E49-9DBD-E0E883DF8B15}.Debug|x86.ActiveCfg = Debug|x86
		{E53BE69F-C7F6-4E49-9DBD-E0E883DF8B15}.Debug|x86.Build.0 = Debug|x86
		{E53BE69F-C7F6-4E49-9DBD-E0E883DF8B15}.Release|Any CPU.ActiveCfg = Release|Any CPU
		{E53BE69F-C7F6-4E49-9DBD-E0E883DF8B15}.Release|Any CPU.Build.0 = Release|Any CPU
		{E53BE69F-C7F6-4E49-9DBD-E0E883DF8B15}.Release|x86.ActiveCfg = Release|Any CPU
		{E53BE69F-C7F6-4E49-9DBD-E0E883DF8B15}.Release|x86.Build.0 = Release|Any CPU
	EndGlobalSection
	GlobalSection(SolutionProperties) = preSolution
		HideSolutionNode = FALSE
	EndGlobalSection
EndGlobal
